<?xml version="1.0" encoding="utf-8"?>
<Project ToolsVersion="4.0" xmlns="http://schemas.microsoft.com/developer/msbuild/2003">
  <ItemGroup>
    <Filter Include="Source Files">
      <UniqueIdentifier>{4FC737F1-C7A5-4376-A066-2A32D752A2FF}</UniqueIdentifier>
      <Extensions>cpp;c;cc;cxx;def;odl;idl;hpj;bat;asm;asmx</Extensions>
    </Filter>
    <Filter Include="Header Files">
      <UniqueIdentifier>{93995380-89BD-4b04-88EB-625FBE52EBFB}</UniqueIdentifier>
      <Extensions>h;hh;hpp;hxx;hm;inl;inc;xsd</Extensions>
    </Filter>
    <Filter Include="Resource Files">
      <UniqueIdentifier>{67DA6AB6-F800-4c08-8B7A-83BB121AAD01}</UniqueIdentifier>
      <Extensions>rc;ico;cur;bmp;dlg;rc2;rct;bin;rgs;gif;jpg;jpeg;jpe;resx;tiff;tif;png;wav;mfcribbon-ms</Extensions>
    </Filter>
  </ItemGroup>
  <ItemGroup>
    <ClCompile Include="main.cpp">
      <Filter>Source Files</Filter>
    </ClCompile>
    <ClCompile Include="ControllerHandler.cpp">
      <Filter>Source Files</Filter>
    </ClCompile>
    <ClCompile Include="Model.cpp">
      <Filter>Source Files</Filter>
    </ClCompile>
    <ClCompile Include="SphereScene.cpp">
      <Filter>Source Files</Filter>
    </ClCompile>
    <ClCompile Include="BasicShader.cpp">
      <Filter>Source Files</Filter>
    </ClCompile>
    <ClCompile Include="Cube.cpp">
      <Filter>Source Files</Filter>
    </ClCompile>
    <ClCompile Include="Skybox.cpp">
      <Filter>Source Files</Filter>
    </ClCompile>
    <ClCompile Include="TexturedCube.cpp">
      <Filter>Source Files</Filter>
    </ClCompile>
    <ClCompile Include="Plane.cpp">
      <Filter>Source Files</Filter>
    </ClCompile>
  </ItemGroup>
  <ItemGroup>
    <None Include="packages.config" />
    <None Include="defCubeVS.vs">
      <Filter>Resource Files</Filter>
    </None>
    <None Include="defCubeFS.fs">
      <Filter>Resource Files</Filter>
    </None>
    <None Include="basicVertex.vs">
      <Filter>Resource Files</Filter>
    </None>
    <None Include="basicFragment.fs">
      <Filter>Resource Files</Filter>
    </None>
    <None Include="basicColor.frag">
      <Filter>Resource Files</Filter>
    </None>
    <None Include="basicColor.vert">
      <Filter>Resource Files</Filter>
    </None>
    <None Include="oglBasicColor.vert">
      <Filter>Resource Files</Filter>
    </None>
    <None Include="oglBasicColor.frag">
      <Filter>Resource Files</Filter>
    </None>
    <None Include="AvatarFragmentShader.glsl">
      <Filter>Resource Files</Filter>
    </None>
    <None Include="AvatarFragmentShader_CombinedMesh.glsl">
      <Filter>Resource Files</Filter>
    </None>
    <None Include="AvatarFragmentShaderPBS.glsl">
      <Filter>Resource Files</Filter>
    </None>
    <None Include="AvatarVertexShader.glsl">
      <Filter>Resource Files</Filter>
    </None>
    <None Include="lightedColor.frag">
      <Filter>Resource Files</Filter>
    </None>
    <None Include="lightedColor.vert">
      <Filter>Resource Files</Filter>
    </None>
    <None Include="textShader.vert">
      <Filter>Resource Files</Filter>
    </None>
    <None Include="textShader.frag">
      <Filter>Resource Files</Filter>
    </None>
    <None Include="shader.frag">
      <Filter>Resource Files</Filter>
    </None>
    <None Include="shader.vert">
      <Filter>Resource Files</Filter>
    </None>
    <None Include="skybox.frag">
      <Filter>Resource Files</Filter>
    </None>
    <None Include="skybox.vert">
      <Filter>Resource Files</Filter>
    </None>
    <None Include="skybox\back.ppm">
      <Filter>Resource Files</Filter>
    </None>
    <None Include="skybox\down.ppm">
      <Filter>Resource Files</Filter>
    </None>
    <None Include="skybox\front.ppm">
      <Filter>Resource Files</Filter>
    </None>
    <None Include="skybox\left.ppm">
      <Filter>Resource Files</Filter>
    </None>
    <None Include="skybox\right.ppm">
      <Filter>Resource Files</Filter>
    </None>
    <None Include="skybox\up.ppm">
      <Filter>Resource Files</Filter>
    </None>
    <None Include="cube\back.ppm">
      <Filter>Resource Files</Filter>
    </None>
    <None Include="cube\down.ppm">
      <Filter>Resource Files</Filter>
    </None>
    <None Include="cube\front.ppm">
      <Filter>Resource Files</Filter>
    </None>
    <None Include="cube\left.ppm">
      <Filter>Resource Files</Filter>
    </None>
    <None Include="cube\right.ppm">
      <Filter>Resource Files</Filter>
    </None>
    <None Include="cube\up.ppm">
      <Filter>Resource Files</Filter>
    </None>
    <None Include="basicTexture.vert">
      <Filter>Resource Files</Filter>
    </None>
    <None Include="basicTexture.frag">
      <Filter>Resource Files</Filter>
    </None>
  </ItemGroup>
  <ItemGroup>
    <ClInclude Include="stb_image.h">
      <Filter>Header Files</Filter>
    </ClInclude>
    <ClInclude Include="Model.h">
      <Filter>Header Files</Filter>
    </ClInclude>
    <ClInclude Include="Mesh.h">
      <Filter>Header Files</Filter>
    </ClInclude>
    <ClInclude Include="Shader.h">
      <Filter>Header Files</Filter>
    </ClInclude>
    <ClInclude Include="ControllerHandler.h">
      <Filter>Header Files</Filter>
    </ClInclude>
    <ClInclude Include="oglShaderAttributes.h">
      <Filter>Header Files</Filter>
    </ClInclude>
    <ClInclude Include="OvrHelper.h">
      <Filter>Header Files</Filter>
    </ClInclude>
    <ClInclude Include="GlfwApp.h">
      <Filter>Header Files</Filter>
    </ClInclude>
    <ClInclude Include="Core.h">
      <Filter>Header Files</Filter>
    </ClInclude>
    <ClInclude Include="RiftApp.h">
      <Filter>Header Files</Filter>
    </ClInclude>
    <ClInclude Include="SphereScene.h">
      <Filter>Header Files</Filter>
    </ClInclude>
    <ClInclude Include="AvatarHandler.h">
      <Filter>Header Files</Filter>
    </ClInclude>
    <ClInclude Include="Lighting.h">
      <Filter>Header Files</Filter>
    </ClInclude>
    <ClInclude Include="TextRenderer.h">
      <Filter>Header Files</Filter>
    </ClInclude>
    <ClInclude Include="ExampleApp.hpp">
      <Filter>Source Files</Filter>
    </ClInclude>
    <ClInclude Include="BasicShader.h">
      <Filter>Header Files</Filter>
    </ClInclude>
    <ClInclude Include="Cube.h">
      <Filter>Header Files</Filter>
    </ClInclude>
    <ClInclude Include="Skybox.h">
      <Filter>Header Files</Filter>
    </ClInclude>
    <ClInclude Include="TexturedCube.h">
      <Filter>Header Files</Filter>
    </ClInclude>
    <ClInclude Include="TestingApp.hpp">
      <Filter>Source Files</Filter>
    </ClInclude>
    <ClInclude Include="resource.h">
      <Filter>Header Files</Filter>
    </ClInclude>
    <ClInclude Include="RingBuffer.h">
      <Filter>Header Files</Filter>
    </ClInclude>
    <ClInclude Include="TestCubeSceneCave.hpp">
      <Filter>Source Files</Filter>
    </ClInclude>
    <ClInclude Include="TestCubeScene.hpp">
      <Filter>Source Files</Filter>
    </ClInclude>
    <ClInclude Include="CaveScene.hpp">
      <Filter>Source Files</Filter>
    </ClInclude>
    <ClInclude Include="Plane.h">
      <Filter>Header Files</Filter>
    </ClInclude>
  </ItemGroup>
  <ItemGroup>
    <Font Include="fonts\arial.ttf">
      <Filter>Resource Files</Filter>
    </Font>
  </ItemGroup>
  <ItemGroup>
    <ResourceCompile Include="Minimal.rc">
      <Filter>Resource Files</Filter>
    </ResourceCompile>
  </ItemGroup>
</Project>